// !$*UTF8*$!
{
	archiveVersion = 1;
	classes = {
	};
	objectVersion = 46;
	objects = {

/* Begin PBXBuildFile section */
		A12F126914C5F198000661A3 /* UIKit.framework in Frameworks */ = {isa = PBXBuildFile; fileRef = A12F126814C5F198000661A3 /* UIKit.framework */; };
		A12F126B14C5F198000661A3 /* Foundation.framework in Frameworks */ = {isa = PBXBuildFile; fileRef = A12F126A14C5F198000661A3 /* Foundation.framework */; };
		A12F126D14C5F198000661A3 /* CoreGraphics.framework in Frameworks */ = {isa = PBXBuildFile; fileRef = A12F126C14C5F198000661A3 /* CoreGraphics.framework */; };
		A12F127314C5F198000661A3 /* InfoPlist.strings in Resources */ = {isa = PBXBuildFile; fileRef = A12F127114C5F198000661A3 /* InfoPlist.strings */; };
		A12F127514C5F198000661A3 /* main.m in Sources */ = {isa = PBXBuildFile; fileRef = A12F127414C5F198000661A3 /* main.m */; };
		A12F127914C5F198000661A3 /* RemindersAppDelegate.m in Sources */ = {isa = PBXBuildFile; fileRef = A12F127814C5F198000661A3 /* RemindersAppDelegate.m */; };
		A12F127C14C5F198000661A3 /* MainStoryboard_iPhone.storyboard in Resources */ = {isa = PBXBuildFile; fileRef = A12F127A14C5F198000661A3 /* MainStoryboard_iPhone.storyboard */; };
		A12F127F14C5F198000661A3 /* MainStoryboard_iPad.storyboard in Resources */ = {isa = PBXBuildFile; fileRef = A12F127D14C5F198000661A3 /* MainStoryboard_iPad.storyboard */; };
		A12F128214C5F198000661A3 /* RemindersViewController.m in Sources */ = {isa = PBXBuildFile; fileRef = A12F128114C5F198000661A3 /* RemindersViewController.m */; };
/* End PBXBuildFile section */

/* Begin PBXFileReference section */
		A12F126414C5F198000661A3 /* Reminders Pro.app */ = {isa = PBXFileReference; explicitFileType = wrapper.application; includeInIndex = 0; path = "Reminders Pro.app"; sourceTree = BUILT_PRODUCTS_DIR; };
		A12F126814C5F198000661A3 /* UIKit.framework */ = {isa = PBXFileReference; lastKnownFileType = wrapper.framework; name = UIKit.framework; path = System/Library/Frameworks/UIKit.framework; sourceTree = SDKROOT; };
		A12F126A14C5F198000661A3 /* Foundation.framework */ = {isa = PBXFileReference; lastKnownFileType = wrapper.framework; name = Foundation.framework; path = System/Library/Frameworks/Foundation.framework; sourceTree = SDKROOT; };
		A12F126C14C5F198000661A3 /* CoreGraphics.framework */ = {isa = PBXFileReference; lastKnownFileType = wrapper.framework; name = CoreGraphics.framework; path = System/Library/Frameworks/CoreGraphics.framework; sourceTree = SDKROOT; };
		A12F127014C5F198000661A3 /* Reminders Pro-Info.plist */ = {isa = PBXFileReference; path = "Reminders Pro-Info.plist"; sourceTree = "<group>"; };
		A12F127214C5F198000661A3 /* en */ = {isa = PBXFileReference; lastKnownFileType = text.plist.strings; name = en; path = en.lproj/InfoPlist.strings; sourceTree = "<group>"; };
		A12F127414C5F198000661A3 /* main.m */ = {isa = PBXFileReference; lastKnownFileType = sourcecode.c.objc; path = main.m; sourceTree = "<group>"; };
		A12F127614C5F198000661A3 /* Reminders Pro-Prefix.pch */ = {isa = PBXFileReference; path = "Reminders Pro-Prefix.pch"; sourceTree = "<group>"; };
		A12F127714C5F198000661A3 /* RemindersAppDelegate.h */ = {isa = PBXFileReference; path = RemindersAppDelegate.h; sourceTree = "<group>"; };
		A12F127814C5F198000661A3 /* RemindersAppDelegate.m */ = {isa = PBXFileReference; lastKnownFileType = sourcecode.c.objc; path = RemindersAppDelegate.m; sourceTree = "<group>"; };
		A12F127B14C5F198000661A3 /* en */ = {isa = PBXFileReference; lastKnownFileType = file.storyboard; name = en; path = en.lproj/MainStoryboard_iPhone.storyboard; sourceTree = "<group>"; };
		A12F127E14C5F198000661A3 /* en */ = {isa = PBXFileReference; lastKnownFileType = file.storyboard; name = en; path = en.lproj/MainStoryboard_iPad.storyboard; sourceTree = "<group>"; };
		A12F128014C5F198000661A3 /* RemindersViewController.h */ = {isa = PBXFileReference; path = RemindersViewController.h; sourceTree = "<group>"; };
		A12F128114C5F198000661A3 /* RemindersViewController.m */ = {isa = PBXFileReference; lastKnownFileType = sourcecode.c.objc; path = RemindersViewController.m; sourceTree = "<group>"; };
/* End PBXFileReference section */

/* Begin PBXFrameworksBuildPhase section */
		A12F126114C5F198000661A3 /* Frameworks */ = {
			isa = PBXFrameworksBuildPhase;
			buildActionMask = 2147483647;
			files = (
				A12F126914C5F198000661A3 /* UIKit.framework in Frameworks */,
				A12F126B14C5F198000661A3 /* Foundation.framework in Frameworks */,
				A12F126D14C5F198000661A3 /* CoreGraphics.framework in Frameworks */,
			);
			runOnlyForDeploymentPostprocessing = 0;
		};
/* End PBXFrameworksBuildPhase section */

/* Begin PBXGroup section */
		A12F125914C5F198000661A3 = {
			isa = PBXGroup;
			children = (
				A12F126E14C5F198000661A3 /* Reminders Pro */,
				A12F126714C5F198000661A3 /* Frameworks */,
				A12F126514C5F198000661A3 /* Products */,
			);
			sourceTree = "<group>";
		};
		A12F126514C5F198000661A3 /* Products */ = {
			isa = PBXGroup;
			children = (
				A12F126414C5F198000661A3 /* Reminders Pro.app */,
			);
			name = Products;
			sourceTree = "<group>";
		};
		A12F126714C5F198000661A3 /* Frameworks */ = {
			isa = PBXGroup;
			children = (
				A12F126814C5F198000661A3 /* UIKit.framework */,
				A12F126A14C5F198000661A3 /* Foundation.framework */,
				A12F126C14C5F198000661A3 /* CoreGraphics.framework */,
			);
			name = Frameworks;
			sourceTree = "<group>";
		};
		A12F126E14C5F198000661A3 /* Reminders Pro */ = {
			isa = PBXGroup;
			children = (
				A12F127714C5F198000661A3 /* RemindersAppDelegate.h */,
				A12F127814C5F198000661A3 /* RemindersAppDelegate.m */,
				A12F127A14C5F198000661A3 /* MainStoryboard_iPhone.storyboard */,
				A12F127D14C5F198000661A3 /* MainStoryboard_iPad.storyboard */,
				A12F128014C5F198000661A3 /* RemindersViewController.h */,
				A12F128114C5F198000661A3 /* RemindersViewController.m */,
				A12F126F14C5F198000661A3 /* Supporting Files */,
			);
			path = "Reminders Pro";
			sourceTree = "<group>";
		};
		A12F126F14C5F198000661A3 /* Supporting Files */ = {
			isa = PBXGroup;
			children = (
				A12F127014C5F198000661A3 /* Reminders Pro-Info.plist */,
				A12F127114C5F198000661A3 /* InfoPlist.strings */,
				A12F127414C5F198000661A3 /* main.m */,
				A12F127614C5F198000661A3 /* Reminders Pro-Prefix.pch */,
			);
			name = "Supporting Files";
			sourceTree = "<group>";
		};
/* End PBXGroup section */

/* Begin PBXNativeTarget section */
		A12F126314C5F198000661A3 /* Reminders Pro */ = {
			isa = PBXNativeTarget;
			buildConfigurationList = A12F128514C5F198000661A3 /* Build configuration list for PBXNativeTarget "Reminders Pro" */;
			buildPhases = (
				A12F126014C5F198000661A3 /* Sources */,
				A12F126114C5F198000661A3 /* Frameworks */,
				A12F126214C5F198000661A3 /* Resources */,
			);
			buildRules = (
			);
			dependencies = (
			);
			name = "Reminders Pro";
			productName = "Reminders Pro";
			productReference = A12F126414C5F198000661A3 /* Reminders Pro.app */;
			productType = "com.apple.product-type.application";
		};
/* End PBXNativeTarget section */

/* Begin PBXProject section */
		A12F125B14C5F198000661A3 /* Project object */ = {
			isa = PBXProject;
			attributes = {
				LastUpgradeCheck = 0420;
				ORGANIZATIONNAME = "Unisys Corporation";
			};
			buildConfigurationList = A12F125E14C5F198000661A3 /* Build configuration list for PBXProject "Reminders Pro" */;
			compatibilityVersion = "Xcode 3.2";
			developmentRegion = English;
			hasScannedForEncodings = 0;
			knownRegions = (
				en,
			);
			mainGroup = A12F125914C5F198000661A3;
			productRefGroup = A12F126514C5F198000661A3 /* Products */;
			projectDirPath = "";
			projectRoot = "";
			targets = (
				A12F126314C5F198000661A3 /* Reminders Pro */,
			);
		};
/* End PBXProject section */

/* Begin PBXResourcesBuildPhase section */
		A12F126214C5F198000661A3 /* Resources */ = {
			isa = PBXResourcesBuildPhase;
			buildActionMask = 2147483647;
			files = (
				A12F127314C5F198000661A3 /* InfoPlist.strings in Resources */,
				A12F127C14C5F198000661A3 /* MainStoryboard_iPhone.storyboard in Resources */,
				A12F127F14C5F198000661A3 /* MainStoryboard_iPad.storyboard in Resources */,
			);
			runOnlyForDeploymentPostprocessing = 0;
		};
/* End PBXResourcesBuildPhase section */

/* Begin PBXSourcesBuildPhase section */
		A12F126014C5F198000661A3 /* Sources */ = {
			isa = PBXSourcesBuildPhase;
			buildActionMask = 2147483647;
			files = (
				A12F127514C5F198000661A3 /* main.m in Sources */,
				A12F127914C5F198000661A3 /* RemindersAppDelegate.m in Sources */,
				A12F128214C5F198000661A3 /* RemindersViewController.m in Sources */,
			);
			runOnlyForDeploymentPostprocessing = 0;
		};
/* End PBXSourcesBuildPhase section */

/* Begin PBXVariantGroup section */
		A12F127114C5F198000661A3 /* InfoPlist.strings */ = {
			isa = PBXVariantGroup;
			children = (
				A12F127214C5F198000661A3 /* en */,
			);
			name = InfoPlist.strings;
			sourceTree = "<group>";
		};
		A12F127A14C5F198000661A3 /* MainStoryboard_iPhone.storyboard */ = {
			isa = PBXVariantGroup;
			children = (
				A12F127B14C5F198000661A3 /* en */,
			);
			name = MainStoryboard_iPhone.storyboard;
			sourceTree = "<group>";
		};
		A12F127D14C5F198000661A3 /* MainStoryboard_iPad.storyboard */ = {
			isa = PBXVariantGroup;
			children = (
				A12F127E14C5F198000661A3 /* en */,
			);
			name = MainStoryboard_iPad.storyboard;
			sourceTree = "<group>";
		};
/* End PBXVariantGroup section */

/* Begin XCBuildConfiguration section */
		A12F128314C5F198000661A3 /* Debug */ = {
			isa = XCBuildConfiguration;
			buildSettings = {
				ALWAYS_SEARCH_USER_PATHS = NO;
				ARCHS = "$(ARCHS_STANDARD_32_BIT)";
				CLANG_ENABLE_OBJC_ARC = YES;
				"CODE_SIGN_IDENTITY[sdk=iphoneos*]" = "iPhone Developer";
				COPY_PHASE_STRIP = NO;
				GCC_C_LANGUAGE_STANDARD = gnu99;
				GCC_DYNAMIC_NO_PIC = NO;
				GCC_OPTIMIZATION_LEVEL = 0;
				GCC_PREPROCESSOR_DEFINITIONS = (
					"DEBUG=1",
					"$(inherited)",
				);
				GCC_SYMBOLS_PRIVATE_EXTERN = NO;
				GCC_VERSION = com.apple.compilers.llvm.clang.1_0;
				GCC_WARN_ABOUT_MISSING_PROTOTYPES = YES;
				GCC_WARN_ABOUT_RETURN_TYPE = YES;
				GCC_WARN_UNUSED_VARIABLE = YES;
				IPHONEOS_DEPLOYMENT_TARGET = 5.0;
				SDKROOT = iphoneos;
				TARGETED_DEVICE_FAMILY = "1,2";
			};
			name = Debug;
		};
		A12F128414C5F198000661A3 /* Release */ = {
			isa = XCBuildConfiguration;
			buildSettings = {
				ALWAYS_SEARCH_USER_PATHS = NO;
				ARCHS = "$(ARCHS_STANDARD_32_BIT)";
				CLANG_ENABLE_OBJC_ARC = YES;
				"CODE_SIGN_IDENTITY[sdk=iphoneos*]" = "iPhone Developer";
				COPY_PHASE_STRIP = YES;
				GCC_C_LANGUAGE_STANDARD = gnu99;
				GCC_VERSION = com.apple.compilers.llvm.clang.1_0;
				GCC_WARN_ABOUT_MISSING_PROTOTYPES = YES;
				GCC_WARN_ABOUT_RETURN_TYPE = YES;
				GCC_WARN_UNUSED_VARIABLE = YES;
				IPHONEOS_DEPLOYMENT_TARGET = 5.0;
				OTHER_CFLAGS = "-DNS_BLOCK_ASSERTIONS=1";
				SDKROOT = iphoneos;
				TARGETED_DEVICE_FAMILY = "1,2";
				VALIDATE_PRODUCT = YES;
			};
			name = Release;
		};
		A12F128614C5F198000661A3 /* Debug */ = {
			isa = XCBuildConfiguration;
			buildSettings = {
				GCC_PRECOMPILE_PREFIX_HEADER = YES;
				GCC_PREFIX_HEADER = "Reminders Pro/Reminders Pro-Prefix.pch";
				INFOPLIST_FILE = "Reminders Pro/Reminders Pro-Info.plist";
				PRODUCT_NAME = "$(TARGET_NAME)";
				WRAPPER_EXTENSION = app;
			};
			name = Debug;
		};
		A12F128714C5F198000661A3 /* Release */ = {
			isa = XCBuildConfiguration;
			buildSettings = {
				GCC_PRECOMPILE_PREFIX_HEADER = YES;
				GCC_PREFIX_HEADER = "Reminders Pro/Reminders Pro-Prefix.pch";
				INFOPLIST_FILE = "Reminders Pro/Reminders Pro-Info.plist";
				PRODUCT_NAME = "$(TARGET_NAME)";
				WRAPPER_EXTENSION = app;
			};
			name = Release;
		};
/* End XCBuildConfiguration section */

/* Begin XCConfigurationList section */
		A12F125E14C5F198000661A3 /* Build configuration list for PBXProject "Reminders Pro" */ = {
			isa = XCConfigurationList;
			buildConfigurations = (
				A12F128314C5F198000661A3 /* Debug */,
				A12F128414C5F198000661A3 /* Release */,
			);
			defaultConfigurationIsVisible = 0;
			defaultConfigurationName = Release;
		};
		A12F128514C5F198000661A3 /* Build configuration list for PBXNativeTarget "Reminders Pro" */ = {
			isa = XCConfigurationList;
			buildConfigurations = (
				A12F128614C5F198000661A3 /* Debug */,
				A12F128714C5F198000661A3 /* Release */,
			);
			defaultConfigurationIsVisible = 0;
		};
/* End XCConfigurationList section */
	};
	rootObject = A12F125B14C5F198000661A3 /* Project object */;
}
